// !$*UTF8*$!
{
	archiveVersion = 1;
	classes = {
	};
	objectVersion = 77;
	objects = {

/* Begin PBXBuildFile section */
		A10000010000000000000001 /* WCDBSwift in Frameworks */ = {isa = PBXBuildFile; productRef = A10000110000000000000001 /* WCDBSwift */; };
		A10000010000000000000002 /* ConfigurableKit in Frameworks */ = {isa = PBXBuildFile; productRef = A10000110000000000000002 /* ConfigurableKit */; };
		B20000010000000000000001 /* CourseListWidgetExtension.appex in Embed App Extensions */ = {isa = PBXBuildFile; fileRef = B20000020000000000000001 /* CourseListWidgetExtension.appex */; settings = {ATTRIBUTES = (RemoveHeadersOnCopy, ); }; };
		C30000010000000000000001 /* CourseListWidget.swift in Sources */ = {isa = PBXBuildFile; fileRef = C30000020000000000000001 /* CourseListWidget.swift */; };
		C30000010000000000000002 /* CourseWidgetSnapshot.swift in Sources */ = {isa = PBXBuildFile; fileRef = C30000020000000000000002 /* CourseWidgetSnapshot.swift */; };
		C30000010000000000000003 /* CourseWidgetSnapshotStore.swift in Sources */ = {isa = PBXBuildFile; fileRef = C30000020000000000000003 /* CourseWidgetSnapshotStore.swift */; };
/* End PBXBuildFile section */

/* Begin PBXContainerItemProxy section */
		B20000050000000000000001 /* PBXContainerItemProxy */ = {
			isa = PBXContainerItemProxy;
			containerPortal = 86C0527D2F6AC25300D62DDD /* Project object */;
			proxyType = 1;
			remoteGlobalIDString = B20000070000000000000001;
			remoteInfo = CourseListWidgetExtension;
		};
/* End PBXContainerItemProxy section */

/* Begin PBXCopyFilesBuildPhase section */
		B20000040000000000000001 /* Embed App Extensions */ = {
			isa = PBXCopyFilesBuildPhase;
			buildActionMask = 2147483647;
			dstPath = "";
			dstSubfolderSpec = 13;
			files = (
				B20000010000000000000001 /* CourseListWidgetExtension.appex in Embed App Extensions */,
			);
			name = "Embed App Extensions";
			runOnlyForDeploymentPostprocessing = 0;
		};
/* End PBXCopyFilesBuildPhase section */

/* Begin PBXFileReference section */
		86C052852F6AC25300D62DDD /* CourseList.app */ = {isa = PBXFileReference; explicitFileType = wrapper.application; includeInIndex = 0; path = CourseList.app; sourceTree = BUILT_PRODUCTS_DIR; };
		B20000020000000000000001 /* CourseListWidgetExtension.appex */ = {isa = PBXFileReference; explicitFileType = "wrapper.app-extension"; includeInIndex = 0; path = CourseListWidgetExtension.appex; sourceTree = BUILT_PRODUCTS_DIR; };
		C30000020000000000000001 /* CourseListWidget.swift */ = {isa = PBXFileReference; lastKnownFileType = sourcecode.swift; path = CourseListWidget.swift; sourceTree = "<group>"; };
		C30000020000000000000002 /* CourseWidgetSnapshot.swift */ = {isa = PBXFileReference; lastKnownFileType = sourcecode.swift; path = CourseWidgetSnapshot.swift; sourceTree = "<group>"; };
		C30000020000000000000003 /* CourseWidgetSnapshotStore.swift */ = {isa = PBXFileReference; lastKnownFileType = sourcecode.swift; path = CourseWidgetSnapshotStore.swift; sourceTree = "<group>"; };
		C30000020000000000000004 /* CourseListWidgetExtension.entitlements */ = {isa = PBXFileReference; lastKnownFileType = text.plist.entitlements; path = CourseListWidgetExtension.entitlements; sourceTree = "<group>"; };
		C30000020000000000000005 /* Info.plist */ = {isa = PBXFileReference; lastKnownFileType = text.plist.xml; path = Info.plist; sourceTree = "<group>"; };
/* End PBXFileReference section */

/* Begin PBXFileSystemSynchronizedRootGroup section */
		86C052872F6AC25300D62DDD /* CourseList */ = {
			isa = PBXFileSystemSynchronizedRootGroup;
			path = CourseList;
			sourceTree = "<group>";
		};
/* End PBXFileSystemSynchronizedRootGroup section */

/* Begin PBXFrameworksBuildPhase section */
		86C052822F6AC25300D62DDD /* Frameworks */ = {
			isa = PBXFrameworksBuildPhase;
			buildActionMask = 2147483647;
			files = (
				A10000010000000000000002 /* ConfigurableKit in Frameworks */,
				A10000010000000000000001 /* WCDBSwift in Frameworks */,
			);
			runOnlyForDeploymentPostprocessing = 0;
		};
		B20000080000000000000002 /* Frameworks */ = {
			isa = PBXFrameworksBuildPhase;
			buildActionMask = 2147483647;
			files = (
			);
			runOnlyForDeploymentPostprocessing = 0;
		};
/* End PBXFrameworksBuildPhase section */

/* Begin PBXGroup section */
		86C0527C2F6AC25300D62DDD = {
			isa = PBXGroup;
			children = (
				86C052872F6AC25300D62DDD /* CourseList */,
				B20000030000000000000001 /* CourseListWidgetExtension */,
				86C052862F6AC25300D62DDD /* Products */,
			);
			sourceTree = "<group>";
		};
		86C052862F6AC25300D62DDD /* Products */ = {
			isa = PBXGroup;
			children = (
				86C052852F6AC25300D62DDD /* CourseList.app */,
				B20000020000000000000001 /* CourseListWidgetExtension.appex */,
			);
			name = Products;
			sourceTree = "<group>";
		};
		B20000030000000000000001 /* CourseListWidgetExtension */ = {
			isa = PBXGroup;
			children = (
				C30000020000000000000001 /* CourseListWidget.swift */,
				C30000020000000000000002 /* CourseWidgetSnapshot.swift */,
				C30000020000000000000003 /* CourseWidgetSnapshotStore.swift */,
				C30000020000000000000005 /* Info.plist */,
				C30000020000000000000004 /* CourseListWidgetExtension.entitlements */,
			);
			path = CourseListWidgetExtension;
			sourceTree = "<group>";
		};
/* End PBXGroup section */

/* Begin PBXNativeTarget section */
		86C052842F6AC25300D62DDD /* CourseList */ = {
			isa = PBXNativeTarget;
			buildConfigurationList = 86C052902F6AC25500D62DDD /* Build configuration list for PBXNativeTarget "CourseList" */;
			buildPhases = (
				86C052812F6AC25300D62DDD /* Sources */,
				86C052822F6AC25300D62DDD /* Frameworks */,
				86C052832F6AC25300D62DDD /* Resources */,
				B20000040000000000000001 /* Embed App Extensions */,
			);
			buildRules = (
			);
			dependencies = (
				B20000060000000000000001 /* PBXTargetDependency */,
			);
			fileSystemSynchronizedGroups = (
				86C052872F6AC25300D62DDD /* CourseList */,
			);
			name = CourseList;
			packageProductDependencies = (
				A10000110000000000000002 /* ConfigurableKit */,
				A10000110000000000000001 /* WCDBSwift */,
			);
			productName = CourseList;
			productReference = 86C052852F6AC25300D62DDD /* CourseList.app */;
			productType = "com.apple.product-type.application";
		};
		B20000070000000000000001 /* CourseListWidgetExtension */ = {
			isa = PBXNativeTarget;
			buildConfigurationList = B20000100000000000000001 /* Build configuration list for PBXNativeTarget "CourseListWidgetExtension" */;
			buildPhases = (
				B20000080000000000000001 /* Sources */,
				B20000080000000000000002 /* Frameworks */,
				B20000080000000000000003 /* Resources */,
				C30000030000000000000001 /* Remove Widget Principal Class */,
			);
			buildRules = (
			);
			dependencies = (
			);
			name = CourseListWidgetExtension;
			packageProductDependencies = (
			);
			productName = CourseListWidgetExtension;
			productReference = B20000020000000000000001 /* CourseListWidgetExtension.appex */;
			productType = "com.apple.product-type.app-extension";
		};
/* End PBXNativeTarget section */

/* Begin PBXProject section */
		86C0527D2F6AC25300D62DDD /* Project object */ = {
			isa = PBXProject;
			attributes = {
				BuildIndependentTargetsInParallel = 1;
				LastSwiftUpdateCheck = 2610;
				LastUpgradeCheck = 2610;
				TargetAttributes = {
					86C052842F6AC25300D62DDD = {
						CreatedOnToolsVersion = 26.1;
					};
					B20000070000000000000001 = {
						CreatedOnToolsVersion = 26.1;
					};
				};
			};
			buildConfigurationList = 86C052802F6AC25300D62DDD /* Build configuration list for PBXProject "CourseList" */;
			developmentRegion = en;
			hasScannedForEncodings = 0;
			knownRegions = (
				en,
				Base,
				de,
				he,
				en_AU,
				ar,
				el,
				"zh-Hans",
				ja,
				"zh-TW",
				uk,
				"zh-HK",
				es_419,
				es,
				pt_BR,
				da,
				it,
				sk,
				pt_PT,
				ms,
				sv,
				cs,
				ko,
				"zh-Hant",
				no,
				hu,
				tr,
				pl,
				en_GB,
				vi,
				ru,
				"zh-CN",
				fr_CA,
				fr,
				fi,
				id,
				nl,
				th,
				ro,
				hr,
				hi,
				ca,
			);
			mainGroup = 86C0527C2F6AC25300D62DDD;
			minimizedProjectReferenceProxies = 1;
			packageReferences = (
				A10000210000000000000001 /* XCRemoteSwiftPackageReference "wcdb-spm-prebuilt" */,
				A10000210000000000000002 /* XCRemoteSwiftPackageReference "ConfigurableKit" */,
			);
			preferredProjectObjectVersion = 77;
			productRefGroup = 86C052862F6AC25300D62DDD /* Products */;
			projectDirPath = "";
			projectRoot = "";
			targets = (
				86C052842F6AC25300D62DDD /* CourseList */,
				B20000070000000000000001 /* CourseListWidgetExtension */,
			);
		};
/* End PBXProject section */

/* Begin PBXResourcesBuildPhase section */
		86C052832F6AC25300D62DDD /* Resources */ = {
			isa = PBXResourcesBuildPhase;
			buildActionMask = 2147483647;
			files = (
			);
			runOnlyForDeploymentPostprocessing = 0;
		};
		B20000080000000000000003 /* Resources */ = {
			isa = PBXResourcesBuildPhase;
			buildActionMask = 2147483647;
			files = (
			);
			runOnlyForDeploymentPostprocessing = 0;
		};
/* End PBXResourcesBuildPhase section */

/* Begin PBXSourcesBuildPhase section */
		86C052812F6AC25300D62DDD /* Sources */ = {
			isa = PBXSourcesBuildPhase;
			buildActionMask = 2147483647;
			files = (
			);
			runOnlyForDeploymentPostprocessing = 0;
		};
		B20000080000000000000001 /* Sources */ = {
			isa = PBXSourcesBuildPhase;
			buildActionMask = 2147483647;
			files = (
				C30000010000000000000001 /* CourseListWidget.swift in Sources */,
				C30000010000000000000002 /* CourseWidgetSnapshot.swift in Sources */,
				C30000010000000000000003 /* CourseWidgetSnapshotStore.swift in Sources */,
			);
			runOnlyForDeploymentPostprocessing = 0;
		};
/* End PBXSourcesBuildPhase section */

/* Begin PBXShellScriptBuildPhase section */
		C30000030000000000000001 /* Remove Widget Principal Class */ = {
			isa = PBXShellScriptBuildPhase;
			buildActionMask = 2147483647;
			files = (
			);
			inputFileListPaths = (
			);
			inputPaths = (
			);
			name = "Remove Widget Principal Class";
			outputFileListPaths = (
			);
			outputPaths = (
			);
			runOnlyForDeploymentPostprocessing = 0;
			shellPath = /bin/sh;
			shellScript = "if [ -f \"${TARGET_BUILD_DIR}/${INFOPLIST_PATH}\" ]; then\n  /usr/libexec/PlistBuddy -c \"Delete :NSExtension:NSExtensionPrincipalClass\" \"${TARGET_BUILD_DIR}/${INFOPLIST_PATH}\" >/dev/null 2>&1 || true\nfi\n";
		};
/* End PBXShellScriptBuildPhase section */

/* Begin PBXTargetDependency section */
		B20000060000000000000001 /* PBXTargetDependency */ = {
			isa = PBXTargetDependency;
			target = B20000070000000000000001 /* CourseListWidgetExtension */;
			targetProxy = B20000050000000000000001 /* PBXContainerItemProxy */;
		};
/* End PBXTargetDependency section */

/* Begin XCBuildConfiguration section */
		86C0528E2F6AC25500D62DDD /* Debug */ = {
			isa = XCBuildConfiguration;
			buildSettings = {
				ALWAYS_SEARCH_USER_PATHS = NO;
				ASSETCATALOG_COMPILER_GENERATE_SWIFT_ASSET_SYMBOL_EXTENSIONS = YES;
				CLANG_ANALYZER_NONNULL = YES;
				CLANG_ANALYZER_NUMBER_OBJECT_CONVERSION = YES_AGGRESSIVE;
				CLANG_CXX_LANGUAGE_STANDARD = "gnu++20";
				CLANG_ENABLE_MODULES = YES;
				CLANG_ENABLE_OBJC_ARC = YES;
				CLANG_ENABLE_OBJC_WEAK = YES;
				CLANG_WARN_BLOCK_CAPTURE_AUTORELEASING = YES;
				CLANG_WARN_BOOL_CONVERSION = YES;
				CLANG_WARN_COMMA = YES;
				CLANG_WARN_CONSTANT_CONVERSION = YES;
				CLANG_WARN_DEPRECATED_OBJC_IMPLEMENTATIONS = YES;
				CLANG_WARN_DIRECT_OBJC_ISA_USAGE = YES_ERROR;
				CLANG_WARN_DOCUMENTATION_COMMENTS = YES;
				CLANG_WARN_EMPTY_BODY = YES;
				CLANG_WARN_ENUM_CONVERSION = YES;
				CLANG_WARN_INFINITE_RECURSION = YES;
				CLANG_WARN_INT_CONVERSION = YES;
				CLANG_WARN_NON_LITERAL_NULL_CONVERSION = YES;
				CLANG_WARN_OBJC_IMPLICIT_RETAIN_SELF = YES;
				CLANG_WARN_OBJC_LITERAL_CONVERSION = YES;
				CLANG_WARN_OBJC_ROOT_CLASS = YES_ERROR;
				CLANG_WARN_QUOTED_INCLUDE_IN_FRAMEWORK_HEADER = YES;
				CLANG_WARN_RANGE_LOOP_ANALYSIS = YES;
				CLANG_WARN_STRICT_PROTOTYPES = YES;
				CLANG_WARN_SUSPICIOUS_MOVE = YES;
				CLANG_WARN_UNGUARDED_AVAILABILITY = YES_AGGRESSIVE;
				CLANG_WARN_UNREACHABLE_CODE = YES;
				CLANG_WARN__DUPLICATE_METHOD_MATCH = YES;
				COPY_PHASE_STRIP = NO;
				DEBUG_INFORMATION_FORMAT = dwarf;
				DEVELOPMENT_TEAM = HUAKL3MKPR;
				ENABLE_STRICT_OBJC_MSGSEND = YES;
				ENABLE_TESTABILITY = YES;
				ENABLE_USER_SCRIPT_SANDBOXING = YES;
				GCC_C_LANGUAGE_STANDARD = gnu17;
				GCC_DYNAMIC_NO_PIC = NO;
				GCC_NO_COMMON_BLOCKS = YES;
				GCC_OPTIMIZATION_LEVEL = 0;
				GCC_PREPROCESSOR_DEFINITIONS = (
					"DEBUG=1",
					"$(inherited)",
				);
				GCC_WARN_64_TO_32_BIT_CONVERSION = YES;
				GCC_WARN_ABOUT_RETURN_TYPE = YES_ERROR;
				GCC_WARN_UNDECLARED_SELECTOR = YES;
				GCC_WARN_UNINITIALIZED_AUTOS = YES_AGGRESSIVE;
				GCC_WARN_UNUSED_FUNCTION = YES;
				GCC_WARN_UNUSED_VARIABLE = YES;
				IPHONEOS_DEPLOYMENT_TARGET = 16.0;
				LOCALIZATION_PREFERS_STRING_CATALOGS = YES;
				MTL_ENABLE_DEBUG_INFO = INCLUDE_SOURCE;
				MTL_FAST_MATH = YES;
				ONLY_ACTIVE_ARCH = YES;
				SDKROOT = iphoneos;
				SWIFT_ACTIVE_COMPILATION_CONDITIONS = "DEBUG $(inherited)";
				SWIFT_OPTIMIZATION_LEVEL = "-Onone";
			};
			name = Debug;
		};
		86C0528F2F6AC25500D62DDD /* Release */ = {
			isa = XCBuildConfiguration;
			buildSettings = {
				ALWAYS_SEARCH_USER_PATHS = NO;
				ASSETCATALOG_COMPILER_GENERATE_SWIFT_ASSET_SYMBOL_EXTENSIONS = YES;
				CLANG_ANALYZER_NONNULL = YES;
				CLANG_ANALYZER_NUMBER_OBJECT_CONVERSION = YES_AGGRESSIVE;
				CLANG_CXX_LANGUAGE_STANDARD = "gnu++20";
				CLANG_ENABLE_MODULES = YES;
				CLANG_ENABLE_OBJC_ARC = YES;
				CLANG_ENABLE_OBJC_WEAK = YES;
				CLANG_WARN_BLOCK_CAPTURE_AUTORELEASING = YES;
				CLANG_WARN_BOOL_CONVERSION = YES;
				CLANG_WARN_COMMA = YES;
				CLANG_WARN_CONSTANT_CONVERSION = YES;
				CLANG_WARN_DEPRECATED_OBJC_IMPLEMENTATIONS = YES;
				CLANG_WARN_DIRECT_OBJC_ISA_USAGE = YES_ERROR;
				CLANG_WARN_DOCUMENTATION_COMMENTS = YES;
				CLANG_WARN_EMPTY_BODY = YES;
				CLANG_WARN_ENUM_CONVERSION = YES;
				CLANG_WARN_INFINITE_RECURSION = YES;
				CLANG_WARN_INT_CONVERSION = YES;
				CLANG_WARN_NON_LITERAL_NULL_CONVERSION = YES;
				CLANG_WARN_OBJC_IMPLICIT_RETAIN_SELF = YES;
				CLANG_WARN_OBJC_LITERAL_CONVERSION = YES;
				CLANG_WARN_OBJC_ROOT_CLASS = YES_ERROR;
				CLANG_WARN_QUOTED_INCLUDE_IN_FRAMEWORK_HEADER = YES;
				CLANG_WARN_RANGE_LOOP_ANALYSIS = YES;
				CLANG_WARN_STRICT_PROTOTYPES = YES;
				CLANG_WARN_SUSPICIOUS_MOVE = YES;
				CLANG_WARN_UNGUARDED_AVAILABILITY = YES_AGGRESSIVE;
				CLANG_WARN_UNREACHABLE_CODE = YES;
				CLANG_WARN__DUPLICATE_METHOD_MATCH = YES;
				COPY_PHASE_STRIP = NO;
				DEBUG_INFORMATION_FORMAT = "dwarf-with-dsym";
				DEVELOPMENT_TEAM = HUAKL3MKPR;
				ENABLE_NS_ASSERTIONS = NO;
				ENABLE_STRICT_OBJC_MSGSEND = YES;
				ENABLE_USER_SCRIPT_SANDBOXING = YES;
				GCC_C_LANGUAGE_STANDARD = gnu17;
				GCC_NO_COMMON_BLOCKS = YES;
				GCC_WARN_64_TO_32_BIT_CONVERSION = YES;
				GCC_WARN_ABOUT_RETURN_TYPE = YES_ERROR;
				GCC_WARN_UNDECLARED_SELECTOR = YES;
				GCC_WARN_UNINITIALIZED_AUTOS = YES_AGGRESSIVE;
				GCC_WARN_UNUSED_FUNCTION = YES;
				GCC_WARN_UNUSED_VARIABLE = YES;
				IPHONEOS_DEPLOYMENT_TARGET = 16.0;
				LOCALIZATION_PREFERS_STRING_CATALOGS = YES;
				MTL_ENABLE_DEBUG_INFO = NO;
				MTL_FAST_MATH = YES;
				SDKROOT = iphoneos;
				SWIFT_COMPILATION_MODE = wholemodule;
				VALIDATE_PRODUCT = YES;
			};
			name = Release;
		};
		86C052912F6AC25500D62DDD /* Debug */ = {
			isa = XCBuildConfiguration;
			buildSettings = {
				ASSETCATALOG_COMPILER_APPICON_NAME = AppIcon;
				ASSETCATALOG_COMPILER_GLOBAL_ACCENT_COLOR_NAME = AccentColor;
				CODE_SIGN_ENTITLEMENTS = CourseList/CourseList.entitlements;
				CODE_SIGN_STYLE = Automatic;
				CURRENT_PROJECT_VERSION = 1;
				DEVELOPMENT_TEAM = HUAKL3MKPR;
				ENABLE_PREVIEWS = YES;
				GENERATE_INFOPLIST_FILE = YES;
				INFOPLIST_KEY_LSApplicationCategoryType = "public.app-category.productivity";
				INFOPLIST_KEY_NSCalendarsFullAccessUsageDescription = "需要读取你的日历事件，用于导入为课表。";
				INFOPLIST_KEY_NSCalendarsUsageDescription = "需要读取你的日历事件，用于导入为课表。";
				INFOPLIST_KEY_UIApplicationSceneManifest_Generation = YES;
				INFOPLIST_KEY_UIApplicationSupportsIndirectInputEvents = YES;
				INFOPLIST_KEY_UILaunchScreen_Generation = YES;
				INFOPLIST_KEY_UISupportedInterfaceOrientations_iPad = "UIInterfaceOrientationPortrait UIInterfaceOrientationPortraitUpsideDown UIInterfaceOrientationLandscapeLeft UIInterfaceOrientationLandscapeRight";
				INFOPLIST_KEY_UISupportedInterfaceOrientations_iPhone = "UIInterfaceOrientationPortrait UIInterfaceOrientationLandscapeLeft UIInterfaceOrientationLandscapeRight";
				IPHONEOS_DEPLOYMENT_TARGET = 16.0;
				LD_RUNPATH_SEARCH_PATHS = (
					"$(inherited)",
					"@executable_path/Frameworks",
				);
				MARKETING_VERSION = 1.0;
				PRODUCT_BUNDLE_IDENTIFIER = dev.nvme0n1p.CourseList;
				PRODUCT_NAME = "$(TARGET_NAME)";
				STRING_CATALOG_GENERATE_SYMBOLS = YES;
				SWIFT_APPROACHABLE_CONCURRENCY = YES;
				SWIFT_DEFAULT_ACTOR_ISOLATION = MainActor;
				SWIFT_EMIT_LOC_STRINGS = YES;
				SWIFT_UPCOMING_FEATURE_MEMBER_IMPORT_VISIBILITY = YES;
				SWIFT_VERSION = 5.0;
				TARGETED_DEVICE_FAMILY = "1,2";
			};
			name = Debug;
		};
		86C052922F6AC25500D62DDD /* Release */ = {
			isa = XCBuildConfiguration;
			buildSettings = {
				ASSETCATALOG_COMPILER_APPICON_NAME = AppIcon;
				ASSETCATALOG_COMPILER_GLOBAL_ACCENT_COLOR_NAME = AccentColor;
				CODE_SIGN_ENTITLEMENTS = CourseList/CourseList.entitlements;
				CODE_SIGN_STYLE = Automatic;
				CURRENT_PROJECT_VERSION = 1;
				DEVELOPMENT_TEAM = HUAKL3MKPR;
				ENABLE_PREVIEWS = YES;
				GENERATE_INFOPLIST_FILE = YES;
				INFOPLIST_KEY_LSApplicationCategoryType = "public.app-category.productivity";
				INFOPLIST_KEY_NSCalendarsFullAccessUsageDescription = "需要读取你的日历事件，用于导入为课表。";
				INFOPLIST_KEY_NSCalendarsUsageDescription = "需要读取你的日历事件，用于导入为课表。";
				INFOPLIST_KEY_UIApplicationSceneManifest_Generation = YES;
				INFOPLIST_KEY_UIApplicationSupportsIndirectInputEvents = YES;
				INFOPLIST_KEY_UILaunchScreen_Generation = YES;
				INFOPLIST_KEY_UISupportedInterfaceOrientations_iPad = "UIInterfaceOrientationPortrait UIInterfaceOrientationPortraitUpsideDown UIInterfaceOrientationLandscapeLeft UIInterfaceOrientationLandscapeRight";
				INFOPLIST_KEY_UISupportedInterfaceOrientations_iPhone = "UIInterfaceOrientationPortrait UIInterfaceOrientationLandscapeLeft UIInterfaceOrientationLandscapeRight";
				IPHONEOS_DEPLOYMENT_TARGET = 16.0;
				LD_RUNPATH_SEARCH_PATHS = (
					"$(inherited)",
					"@executable_path/Frameworks",
				);
				MARKETING_VERSION = 1.0;
				PRODUCT_BUNDLE_IDENTIFIER = dev.nvme0n1p.CourseList;
				PRODUCT_NAME = "$(TARGET_NAME)";
				STRING_CATALOG_GENERATE_SYMBOLS = YES;
				SWIFT_APPROACHABLE_CONCURRENCY = YES;
				SWIFT_DEFAULT_ACTOR_ISOLATION = MainActor;
				SWIFT_EMIT_LOC_STRINGS = YES;
				SWIFT_UPCOMING_FEATURE_MEMBER_IMPORT_VISIBILITY = YES;
				SWIFT_VERSION = 5.0;
				TARGETED_DEVICE_FAMILY = "1,2";
			};
			name = Release;
		};
		B20000090000000000000001 /* Debug */ = {
			isa = XCBuildConfiguration;
			buildSettings = {
				APPLICATION_EXTENSION_API_ONLY = YES;
				CODE_SIGN_ENTITLEMENTS = CourseListWidgetExtension/CourseListWidgetExtension.entitlements;
				CODE_SIGN_STYLE = Automatic;
				CURRENT_PROJECT_VERSION = 1;
				DEVELOPMENT_TEAM = HUAKL3MKPR;
				GENERATE_INFOPLIST_FILE = NO;
				INFOPLIST_FILE = CourseListWidgetExtension/Info.plist;
				IPHONEOS_DEPLOYMENT_TARGET = 16.0;
				LD_RUNPATH_SEARCH_PATHS = (
					"$(inherited)",
					"@executable_path/Frameworks",
					"@executable_path/../../Frameworks",
				);
				MARKETING_VERSION = 1.0;
				PRODUCT_BUNDLE_IDENTIFIER = dev.nvme0n1p.CourseList.WidgetExtension;
				PRODUCT_NAME = "$(TARGET_NAME)";
				SKIP_INSTALL = YES;
				STRING_CATALOG_GENERATE_SYMBOLS = YES;
				SWIFT_APPROACHABLE_CONCURRENCY = YES;
				SWIFT_DEFAULT_ACTOR_ISOLATION = MainActor;
				SWIFT_EMIT_LOC_STRINGS = YES;
				SWIFT_UPCOMING_FEATURE_MEMBER_IMPORT_VISIBILITY = YES;
				SWIFT_VERSION = 5.0;
				TARGETED_DEVICE_FAMILY = "1,2";
			};
			name = Debug;
		};
		B20000090000000000000002 /* Release */ = {
			isa = XCBuildConfiguration;
			buildSettings = {
				APPLICATION_EXTENSION_API_ONLY = YES;
				CODE_SIGN_ENTITLEMENTS = CourseListWidgetExtension/CourseListWidgetExtension.entitlements;
				CODE_SIGN_STYLE = Automatic;
				CURRENT_PROJECT_VERSION = 1;
				DEVELOPMENT_TEAM = HUAKL3MKPR;
				GENERATE_INFOPLIST_FILE = NO;
				INFOPLIST_FILE = CourseListWidgetExtension/Info.plist;
				IPHONEOS_DEPLOYMENT_TARGET = 16.0;
				LD_RUNPATH_SEARCH_PATHS = (
					"$(inherited)",
					"@executable_path/Frameworks",
					"@executable_path/../../Frameworks",
				);
				MARKETING_VERSION = 1.0;
				PRODUCT_BUNDLE_IDENTIFIER = dev.nvme0n1p.CourseList.WidgetExtension;
				PRODUCT_NAME = "$(TARGET_NAME)";
				SKIP_INSTALL = YES;
				STRING_CATALOG_GENERATE_SYMBOLS = YES;
				SWIFT_APPROACHABLE_CONCURRENCY = YES;
				SWIFT_DEFAULT_ACTOR_ISOLATION = MainActor;
				SWIFT_EMIT_LOC_STRINGS = YES;
				SWIFT_UPCOMING_FEATURE_MEMBER_IMPORT_VISIBILITY = YES;
				SWIFT_VERSION = 5.0;
				TARGETED_DEVICE_FAMILY = "1,2";
			};
			name = Release;
		};
/* End XCBuildConfiguration section */

/* Begin XCConfigurationList section */
		86C052802F6AC25300D62DDD /* Build configuration list for PBXProject "CourseList" */ = {
			isa = XCConfigurationList;
			buildConfigurations = (
				86C0528E2F6AC25500D62DDD /* Debug */,
				86C0528F2F6AC25500D62DDD /* Release */,
			);
			defaultConfigurationIsVisible = 0;
			defaultConfigurationName = Release;
		};
		86C052902F6AC25500D62DDD /* Build configuration list for PBXNativeTarget "CourseList" */ = {
			isa = XCConfigurationList;
			buildConfigurations = (
				86C052912F6AC25500D62DDD /* Debug */,
				86C052922F6AC25500D62DDD /* Release */,
			);
			defaultConfigurationIsVisible = 0;
			defaultConfigurationName = Release;
		};
		B20000100000000000000001 /* Build configuration list for PBXNativeTarget "CourseListWidgetExtension" */ = {
			isa = XCConfigurationList;
			buildConfigurations = (
				B20000090000000000000001 /* Debug */,
				B20000090000000000000002 /* Release */,
			);
			defaultConfigurationIsVisible = 0;
			defaultConfigurationName = Release;
		};
/* End XCConfigurationList section */

/* Begin XCRemoteSwiftPackageReference section */
		A10000210000000000000001 /* XCRemoteSwiftPackageReference "wcdb-spm-prebuilt" */ = {
			isa = XCRemoteSwiftPackageReference;
			repositoryURL = "https://github.com/0x1306a94/wcdb-spm-prebuilt";
			requirement = {
				kind = exactVersion;
				version = 2.1.15;
			};
		};
		A10000210000000000000002 /* XCRemoteSwiftPackageReference "ConfigurableKit" */ = {
			isa = XCRemoteSwiftPackageReference;
			repositoryURL = "https://github.com/Lakr233/ConfigurableKit";
			requirement = {
				kind = upToNextMajorVersion;
				minimumVersion = 1.1.0;
			};
		};
/* End XCRemoteSwiftPackageReference section */

/* Begin XCSwiftPackageProductDependency section */
		A10000110000000000000001 /* WCDBSwift */ = {
			isa = XCSwiftPackageProductDependency;
			package = A10000210000000000000001 /* XCRemoteSwiftPackageReference "wcdb-spm-prebuilt" */;
			productName = WCDBSwift;
		};
		A10000110000000000000002 /* ConfigurableKit */ = {
			isa = XCSwiftPackageProductDependency;
			package = A10000210000000000000002 /* XCRemoteSwiftPackageReference "ConfigurableKit" */;
			productName = ConfigurableKit;
		};
/* End XCSwiftPackageProductDependency section */
	};
	rootObject = 86C0527D2F6AC25300D62DDD /* Project object */;
}
